{
  "nodes": {
    "nixpkgs": {
      "locked": {
        "lastModified": 1695137267,
        "narHash": "sha256-x6vmf7X1MAyzURyLA5RomOMWK5z5sFxENKfnFHyWCCI=",
        "owner": "NixOS",
        "repo": "nixpkgs",
        "rev": "877210274898860d20f567cf122129a2241568ad",
        "type": "github"
      },
      "original": {
        "owner": "NixOS",
        "repo": "nixpkgs",
        "type": "github"
      }
    },
    "root": {
      "inputs": {
        "nixpkgs": "nixpkgs"
      }
    }
  },
  "root": "root",
  "version": 7
}
