{
  "nodes": {
    "nixpkgs": {
      "locked": {
        "lastModified": 1695068806,
        "narHash": "sha256-rAyjLPBm8CZdrJiFINEpE9nss6/gfvqv+XR7/DnA3Ys=",
        "owner": "NixOS",
        "repo": "nixpkgs",
        "rev": "4ca7d88df5cf9cada68513650c3e89e05978f5a4",
        "type": "github"
      },
      "original": {
        "owner": "NixOS",
        "repo": "nixpkgs",
        "type": "github"
      }
    },
    "root": {
      "inputs": {
        "nixpkgs": "nixpkgs"
      }
    }
  },
  "root": "root",
  "version": 7
}
