github.com/elliotchance/orderedmap/v2 v2.2.0 h1:7/2iwO98kYT4XkOjA9mBEIwvi4KpGB4cyHeOFOnj4Vk=
github.com/elliotchance/orderedmap/v2 v2.2.0/go.mod h1:85lZyVbpGaGvHvnKa7Qhx7zncAdBIBq6u56Hb1PRU5Q=
github.com/google/go-cmp v0.5.9 h1:O2Tfq5qg4qc4AmwVlvv0oLiVAGB7enBSJ2x2DqQFi38=
github.com/google/go-cmp v0.5.9/go.mod h1:17dUlkBOakJ0+DkrSSNjCkIjxS6bF9zb3elmeNGIjoY=
